// !$*UTF8*$!
{
	archiveVersion = 1;
	classes = {
	};
	objectVersion = 56;
	objects = {

/* Begin PBXBuildFile section */
		6788FC102C4158BF004B04F1 /* MapViewController.swift in Sources */ = {isa = PBXBuildFile; fileRef = 6788FC0F2C4158BF004B04F1 /* MapViewController.swift */; };
		80094C322C3C16D9003E92B2 /* LocationDetailsViewController.swift in Sources */ = {isa = PBXBuildFile; fileRef = 80094C312C3C16D9003E92B2 /* LocationDetailsViewController.swift */; };
		805DE5432C3431DB0055EB3C /* AppDelegate.swift in Sources */ = {isa = PBXBuildFile; fileRef = 805DE5422C3431DB0055EB3C /* AppDelegate.swift */; };
		805DE5452C3431DB0055EB3C /* SceneDelegate.swift in Sources */ = {isa = PBXBuildFile; fileRef = 805DE5442C3431DB0055EB3C /* SceneDelegate.swift */; };
		805DE5472C3431DB0055EB3C /* CurrentLocationViewController.swift in Sources */ = {isa = PBXBuildFile; fileRef = 805DE5462C3431DB0055EB3C /* CurrentLocationViewController.swift */; };
		805DE54A2C3431DB0055EB3C /* Base in Resources */ = {isa = PBXBuildFile; fileRef = 805DE5492C3431DB0055EB3C /* Base */; };
		805DE54D2C3431DB0055EB3C /* MyLocations.xcdatamodeld in Sources */ = {isa = PBXBuildFile; fileRef = 805DE54B2C3431DB0055EB3C /* MyLocations.xcdatamodeld */; };
		805DE54F2C3431DC0055EB3C /* Assets.xcassets in Resources */ = {isa = PBXBuildFile; fileRef = 805DE54E2C3431DC0055EB3C /* Assets.xcassets */; };
		805DE5522C3431DC0055EB3C /* Base in Resources */ = {isa = PBXBuildFile; fileRef = 805DE5512C3431DC0055EB3C /* Base */; };
		8082602B2C402BE1000ADD09 /* LocationsViewController.swift in Sources */ = {isa = PBXBuildFile; fileRef = 8082602A2C402BE1000ADD09 /* LocationsViewController.swift */; };
		8082602D2C402F82000ADD09 /* LocationCell.swift in Sources */ = {isa = PBXBuildFile; fileRef = 8082602C2C402F82000ADD09 /* LocationCell.swift */; };
		809DF4E72C3D6A4D00F5CB03 /* CategoryPickerViewController.swift in Sources */ = {isa = PBXBuildFile; fileRef = 809DF4E62C3D6A4D00F5CB03 /* CategoryPickerViewController.swift */; };
		80BCB62E2C3EB0A5001886B8 /* HudView.swift in Sources */ = {isa = PBXBuildFile; fileRef = 80BCB62D2C3EB0A5001886B8 /* HudView.swift */; };
		80BCB6302C3EC505001886B8 /* Functions.swift in Sources */ = {isa = PBXBuildFile; fileRef = 80BCB62F2C3EC505001886B8 /* Functions.swift */; };
		80BCB6332C3ED7C4001886B8 /* Location+CoreDataClass.swift in Sources */ = {isa = PBXBuildFile; fileRef = 80BCB6312C3ED7C4001886B8 /* Location+CoreDataClass.swift */; };
		80BCB6342C3ED7C4001886B8 /* Location+CoreDataProperties.swift in Sources */ = {isa = PBXBuildFile; fileRef = 80BCB6322C3ED7C4001886B8 /* Location+CoreDataProperties.swift */; };
/* End PBXBuildFile section */

/* Begin PBXFileReference section */
		6788FC0F2C4158BF004B04F1 /* MapViewController.swift */ = {isa = PBXFileReference; lastKnownFileType = sourcecode.swift; path = MapViewController.swift; sourceTree = "<group>"; };
		80094C312C3C16D9003E92B2 /* LocationDetailsViewController.swift */ = {isa = PBXFileReference; lastKnownFileType = sourcecode.swift; path = LocationDetailsViewController.swift; sourceTree = "<group>"; };
		805DE53F2C3431DB0055EB3C /* MyLocations.app */ = {isa = PBXFileReference; explicitFileType = wrapper.application; includeInIndex = 0; path = MyLocations.app; sourceTree = BUILT_PRODUCTS_DIR; };
		805DE5422C3431DB0055EB3C /* AppDelegate.swift */ = {isa = PBXFileReference; lastKnownFileType = sourcecode.swift; path = AppDelegate.swift; sourceTree = "<group>"; };
		805DE5442C3431DB0055EB3C /* SceneDelegate.swift */ = {isa = PBXFileReference; lastKnownFileType = sourcecode.swift; path = SceneDelegate.swift; sourceTree = "<group>"; };
		805DE5462C3431DB0055EB3C /* CurrentLocationViewController.swift */ = {isa = PBXFileReference; lastKnownFileType = sourcecode.swift; path = CurrentLocationViewController.swift; sourceTree = "<group>"; };
		805DE5492C3431DB0055EB3C /* Base */ = {isa = PBXFileReference; lastKnownFileType = file.storyboard; name = Base; path = Base.lproj/Main.storyboard; sourceTree = "<group>"; };
		805DE54C2C3431DB0055EB3C /* MyLocations.xcdatamodel */ = {isa = PBXFileReference; lastKnownFileType = wrapper.xcdatamodel; path = MyLocations.xcdatamodel; sourceTree = "<group>"; };
		805DE54E2C3431DC0055EB3C /* Assets.xcassets */ = {isa = PBXFileReference; lastKnownFileType = folder.assetcatalog; path = Assets.xcassets; sourceTree = "<group>"; };
		805DE5512C3431DC0055EB3C /* Base */ = {isa = PBXFileReference; lastKnownFileType = file.storyboard; name = Base; path = Base.lproj/LaunchScreen.storyboard; sourceTree = "<group>"; };
		805DE5532C3431DC0055EB3C /* Info.plist */ = {isa = PBXFileReference; lastKnownFileType = text.plist.xml; path = Info.plist; sourceTree = "<group>"; };
		8082602A2C402BE1000ADD09 /* LocationsViewController.swift */ = {isa = PBXFileReference; lastKnownFileType = sourcecode.swift; path = LocationsViewController.swift; sourceTree = "<group>"; };
		8082602C2C402F82000ADD09 /* LocationCell.swift */ = {isa = PBXFileReference; lastKnownFileType = sourcecode.swift; path = LocationCell.swift; sourceTree = "<group>"; };
		809DF4E62C3D6A4D00F5CB03 /* CategoryPickerViewController.swift */ = {isa = PBXFileReference; lastKnownFileType = sourcecode.swift; path = CategoryPickerViewController.swift; sourceTree = "<group>"; };
		80BCB62D2C3EB0A5001886B8 /* HudView.swift */ = {isa = PBXFileReference; lastKnownFileType = sourcecode.swift; path = HudView.swift; sourceTree = "<group>"; };
		80BCB62F2C3EC505001886B8 /* Functions.swift */ = {isa = PBXFileReference; lastKnownFileType = sourcecode.swift; path = Functions.swift; sourceTree = "<group>"; };
		80BCB6312C3ED7C4001886B8 /* Location+CoreDataClass.swift */ = {isa = PBXFileReference; lastKnownFileType = sourcecode.swift; path = "Location+CoreDataClass.swift"; sourceTree = "<group>"; };
		80BCB6322C3ED7C4001886B8 /* Location+CoreDataProperties.swift */ = {isa = PBXFileReference; lastKnownFileType = sourcecode.swift; path = "Location+CoreDataProperties.swift"; sourceTree = "<group>"; };
/* End PBXFileReference section */

/* Begin PBXFrameworksBuildPhase section */
		805DE53C2C3431DB0055EB3C /* Frameworks */ = {
			isa = PBXFrameworksBuildPhase;
			buildActionMask = 2147483647;
			files = (
			);
			runOnlyForDeploymentPostprocessing = 0;
		};
/* End PBXFrameworksBuildPhase section */

/* Begin PBXGroup section */
		805DE5362C3431DB0055EB3C = {
			isa = PBXGroup;
			children = (
				805DE5412C3431DB0055EB3C /* MyLocations */,
				805DE5402C3431DB0055EB3C /* Products */,
			);
			sourceTree = "<group>";
		};
		805DE5402C3431DB0055EB3C /* Products */ = {
			isa = PBXGroup;
			children = (
				805DE53F2C3431DB0055EB3C /* MyLocations.app */,
			);
			name = Products;
			sourceTree = "<group>";
		};
		805DE5412C3431DB0055EB3C /* MyLocations */ = {
			isa = PBXGroup;
			children = (
				805DE5422C3431DB0055EB3C /* AppDelegate.swift */,
				805DE5442C3431DB0055EB3C /* SceneDelegate.swift */,
				805DE5462C3431DB0055EB3C /* CurrentLocationViewController.swift */,
				805DE5482C3431DB0055EB3C /* Main.storyboard */,
				805DE54E2C3431DC0055EB3C /* Assets.xcassets */,
				805DE5502C3431DC0055EB3C /* LaunchScreen.storyboard */,
				805DE5532C3431DC0055EB3C /* Info.plist */,
				805DE54B2C3431DB0055EB3C /* MyLocations.xcdatamodeld */,
				80094C312C3C16D9003E92B2 /* LocationDetailsViewController.swift */,
				809DF4E62C3D6A4D00F5CB03 /* CategoryPickerViewController.swift */,
				80BCB62D2C3EB0A5001886B8 /* HudView.swift */,
				80BCB62F2C3EC505001886B8 /* Functions.swift */,
				80BCB6322C3ED7C4001886B8 /* Location+CoreDataProperties.swift */,
				80BCB6312C3ED7C4001886B8 /* Location+CoreDataClass.swift */,
				8082602A2C402BE1000ADD09 /* LocationsViewController.swift */,
				8082602C2C402F82000ADD09 /* LocationCell.swift */,
				6788FC0F2C4158BF004B04F1 /* MapViewController.swift */,
			);
			path = MyLocations;
			sourceTree = "<group>";
		};
/* End PBXGroup section */

/* Begin PBXNativeTarget section */
		805DE53E2C3431DB0055EB3C /* MyLocations */ = {
			isa = PBXNativeTarget;
			buildConfigurationList = 805DE5562C3431DC0055EB3C /* Build configuration list for PBXNativeTarget "MyLocations" */;
			buildPhases = (
				805DE53B2C3431DB0055EB3C /* Sources */,
				805DE53C2C3431DB0055EB3C /* Frameworks */,
				805DE53D2C3431DB0055EB3C /* Resources */,
			);
			buildRules = (
			);
			dependencies = (
			);
			name = MyLocations;
			productName = MyLocations;
			productReference = 805DE53F2C3431DB0055EB3C /* MyLocations.app */;
			productType = "com.apple.product-type.application";
		};
/* End PBXNativeTarget section */

/* Begin PBXProject section */
		805DE5372C3431DB0055EB3C /* Project object */ = {
			isa = PBXProject;
			attributes = {
				BuildIndependentTargetsInParallel = 1;
				LastSwiftUpdateCheck = 1530;
				LastUpgradeCheck = 1530;
				TargetAttributes = {
					805DE53E2C3431DB0055EB3C = {
						CreatedOnToolsVersion = 15.3;
					};
				};
			};
			buildConfigurationList = 805DE53A2C3431DB0055EB3C /* Build configuration list for PBXProject "MyLocations" */;
			compatibilityVersion = "Xcode 14.0";
			developmentRegion = en;
			hasScannedForEncodings = 0;
			knownRegions = (
				en,
				Base,
			);
			mainGroup = 805DE5362C3431DB0055EB3C;
			productRefGroup = 805DE5402C3431DB0055EB3C /* Products */;
			projectDirPath = "";
			projectRoot = "";
			targets = (
				805DE53E2C3431DB0055EB3C /* MyLocations */,
			);
		};
/* End PBXProject section */

/* Begin PBXResourcesBuildPhase section */
		805DE53D2C3431DB0055EB3C /* Resources */ = {
			isa = PBXResourcesBuildPhase;
			buildActionMask = 2147483647;
			files = (
				805DE54F2C3431DC0055EB3C /* Assets.xcassets in Resources */,
				805DE5522C3431DC0055EB3C /* Base in Resources */,
				805DE54A2C3431DB0055EB3C /* Base in Resources */,
			);
			runOnlyForDeploymentPostprocessing = 0;
		};
/* End PBXResourcesBuildPhase section */

/* Begin PBXSourcesBuildPhase section */
		805DE53B2C3431DB0055EB3C /* Sources */ = {
			isa = PBXSourcesBuildPhase;
			buildActionMask = 2147483647;
			files = (
				809DF4E72C3D6A4D00F5CB03 /* CategoryPickerViewController.swift in Sources */,
				805DE5472C3431DB0055EB3C /* CurrentLocationViewController.swift in Sources */,
				805DE5432C3431DB0055EB3C /* AppDelegate.swift in Sources */,
				80BCB6302C3EC505001886B8 /* Functions.swift in Sources */,
				8082602B2C402BE1000ADD09 /* LocationsViewController.swift in Sources */,
				805DE54D2C3431DB0055EB3C /* MyLocations.xcdatamodeld in Sources */,
				6788FC102C4158BF004B04F1 /* MapViewController.swift in Sources */,
				8082602D2C402F82000ADD09 /* LocationCell.swift in Sources */,
				80BCB6332C3ED7C4001886B8 /* Location+CoreDataClass.swift in Sources */,
				80BCB6342C3ED7C4001886B8 /* Location+CoreDataProperties.swift in Sources */,
				805DE5452C3431DB0055EB3C /* SceneDelegate.swift in Sources */,
				80BCB62E2C3EB0A5001886B8 /* HudView.swift in Sources */,
				80094C322C3C16D9003E92B2 /* LocationDetailsViewController.swift in Sources */,
			);
			runOnlyForDeploymentPostprocessing = 0;
		};
/* End PBXSourcesBuildPhase section */

/* Begin PBXVariantGroup section */
		805DE5482C3431DB0055EB3C /* Main.storyboard */ = {
			isa = PBXVariantGroup;
			children = (
				805DE5492C3431DB0055EB3C /* Base */,
			);
			name = Main.storyboard;
			sourceTree = "<group>";
		};
		805DE5502C3431DC0055EB3C /* LaunchScreen.storyboard */ = {
			isa = PBXVariantGroup;
			children = (
				805DE5512C3431DC0055EB3C /* Base */,
			);
			name = LaunchScreen.storyboard;
			sourceTree = "<group>";
		};
/* End PBXVariantGroup section */

/* Begin XCBuildConfiguration section */
		805DE5542C3431DC0055EB3C /* Debug */ = {
			isa = XCBuildConfiguration;
			buildSettings = {
				ALWAYS_SEARCH_USER_PATHS = NO;
				ASSETCATALOG_COMPILER_GENERATE_SWIFT_ASSET_SYMBOL_EXTENSIONS = YES;
				CLANG_ANALYZER_NONNULL = YES;
				CLANG_ANALYZER_NUMBER_OBJECT_CONVERSION = YES_AGGRESSIVE;
				CLANG_CXX_LANGUAGE_STANDARD = "gnu++20";
				CLANG_ENABLE_MODULES = YES;
				CLANG_ENABLE_OBJC_ARC = YES;
				CLANG_ENABLE_OBJC_WEAK = YES;
				CLANG_WARN_BLOCK_CAPTURE_AUTORELEASING = YES;
				CLANG_WARN_BOOL_CONVERSION = YES;
				CLANG_WARN_COMMA = YES;
				CLANG_WARN_CONSTANT_CONVERSION = YES;
				CLANG_WARN_DEPRECATED_OBJC_IMPLEMENTATIONS = YES;
				CLANG_WARN_DIRECT_OBJC_ISA_USAGE = YES_ERROR;
				CLANG_WARN_DOCUMENTATION_COMMENTS = YES;
				CLANG_WARN_EMPTY_BODY = YES;
				CLANG_WARN_ENUM_CONVERSION = YES;
				CLANG_WARN_INFINITE_RECURSION = YES;
				CLANG_WARN_INT_CONVERSION = YES;
				CLANG_WARN_NON_LITERAL_NULL_CONVERSION = YES;
				CLANG_WARN_OBJC_IMPLICIT_RETAIN_SELF = YES;
				CLANG_WARN_OBJC_LITERAL_CONVERSION = YES;
				CLANG_WARN_OBJC_ROOT_CLASS = YES_ERROR;
				CLANG_WARN_QUOTED_INCLUDE_IN_FRAMEWORK_HEADER = YES;
				CLANG_WARN_RANGE_LOOP_ANALYSIS = YES;
				CLANG_WARN_STRICT_PROTOTYPES = YES;
				CLANG_WARN_SUSPICIOUS_MOVE = YES;
				CLANG_WARN_UNGUARDED_AVAILABILITY = YES_AGGRESSIVE;
				CLANG_WARN_UNREACHABLE_CODE = YES;
				CLANG_WARN__DUPLICATE_METHOD_MATCH = YES;
				COPY_PHASE_STRIP = NO;
				DEBUG_INFORMATION_FORMAT = dwarf;
				ENABLE_STRICT_OBJC_MSGSEND = YES;
				ENABLE_TESTABILITY = YES;
				ENABLE_USER_SCRIPT_SANDBOXING = YES;
				GCC_C_LANGUAGE_STANDARD = gnu17;
				GCC_DYNAMIC_NO_PIC = NO;
				GCC_NO_COMMON_BLOCKS = YES;
				GCC_OPTIMIZATION_LEVEL = 0;
				GCC_PREPROCESSOR_DEFINITIONS = (
					"DEBUG=1",
					"$(inherited)",
				);
				GCC_WARN_64_TO_32_BIT_CONVERSION = YES;
				GCC_WARN_ABOUT_RETURN_TYPE = YES_ERROR;
				GCC_WARN_UNDECLARED_SELECTOR = YES;
				GCC_WARN_UNINITIALIZED_AUTOS = YES_AGGRESSIVE;
				GCC_WARN_UNUSED_FUNCTION = YES;
				GCC_WARN_UNUSED_VARIABLE = YES;
				IPHONEOS_DEPLOYMENT_TARGET = 17.4;
				LOCALIZATION_PREFERS_STRING_CATALOGS = YES;
				MTL_ENABLE_DEBUG_INFO = INCLUDE_SOURCE;
				MTL_FAST_MATH = YES;
				ONLY_ACTIVE_ARCH = YES;
				SDKROOT = iphoneos;
				SWIFT_ACTIVE_COMPILATION_CONDITIONS = "DEBUG $(inherited)";
				SWIFT_OPTIMIZATION_LEVEL = "-Onone";
			};
			name = Debug;
		};
		805DE5552C3431DC0055EB3C /* Release */ = {
			isa = XCBuildConfiguration;
			buildSettings = {
				ALWAYS_SEARCH_USER_PATHS = NO;
				ASSETCATALOG_COMPILER_GENERATE_SWIFT_ASSET_SYMBOL_EXTENSIONS = YES;
				CLANG_ANALYZER_NONNULL = YES;
				CLANG_ANALYZER_NUMBER_OBJECT_CONVERSION = YES_AGGRESSIVE;
				CLANG_CXX_LANGUAGE_STANDARD = "gnu++20";
				CLANG_ENABLE_MODULES = YES;
				CLANG_ENABLE_OBJC_ARC = YES;
				CLANG_ENABLE_OBJC_WEAK = YES;
				CLANG_WARN_BLOCK_CAPTURE_AUTORELEASING = YES;
				CLANG_WARN_BOOL_CONVERSION = YES;
				CLANG_WARN_COMMA = YES;
				CLANG_WARN_CONSTANT_CONVERSION = YES;
				CLANG_WARN_DEPRECATED_OBJC_IMPLEMENTATIONS = YES;
				CLANG_WARN_DIRECT_OBJC_ISA_USAGE = YES_ERROR;
				CLANG_WARN_DOCUMENTATION_COMMENTS = YES;
				CLANG_WARN_EMPTY_BODY = YES;
				CLANG_WARN_ENUM_CONVERSION = YES;
				CLANG_WARN_INFINITE_RECURSION = YES;
				CLANG_WARN_INT_CONVERSION = YES;
				CLANG_WARN_NON_LITERAL_NULL_CONVERSION = YES;
				CLANG_WARN_OBJC_IMPLICIT_RETAIN_SELF = YES;
				CLANG_WARN_OBJC_LITERAL_CONVERSION = YES;
				CLANG_WARN_OBJC_ROOT_CLASS = YES_ERROR;
				CLANG_WARN_QUOTED_INCLUDE_IN_FRAMEWORK_HEADER = YES;
				CLANG_WARN_RANGE_LOOP_ANALYSIS = YES;
				CLANG_WARN_STRICT_PROTOTYPES = YES;
				CLANG_WARN_SUSPICIOUS_MOVE = YES;
				CLANG_WARN_UNGUARDED_AVAILABILITY = YES_AGGRESSIVE;
				CLANG_WARN_UNREACHABLE_CODE = YES;
				CLANG_WARN__DUPLICATE_METHOD_MATCH = YES;
				COPY_PHASE_STRIP = NO;
				DEBUG_INFORMATION_FORMAT = "dwarf-with-dsym";
				ENABLE_NS_ASSERTIONS = NO;
				ENABLE_STRICT_OBJC_MSGSEND = YES;
				ENABLE_USER_SCRIPT_SANDBOXING = YES;
				GCC_C_LANGUAGE_STANDARD = gnu17;
				GCC_NO_COMMON_BLOCKS = YES;
				GCC_WARN_64_TO_32_BIT_CONVERSION = YES;
				GCC_WARN_ABOUT_RETURN_TYPE = YES_ERROR;
				GCC_WARN_UNDECLARED_SELECTOR = YES;
				GCC_WARN_UNINITIALIZED_AUTOS = YES_AGGRESSIVE;
				GCC_WARN_UNUSED_FUNCTION = YES;
				GCC_WARN_UNUSED_VARIABLE = YES;
				IPHONEOS_DEPLOYMENT_TARGET = 17.4;
				LOCALIZATION_PREFERS_STRING_CATALOGS = YES;
				MTL_ENABLE_DEBUG_INFO = NO;
				MTL_FAST_MATH = YES;
				SDKROOT = iphoneos;
				SWIFT_COMPILATION_MODE = wholemodule;
				VALIDATE_PRODUCT = YES;
			};
			name = Release;
		};
		805DE5572C3431DC0055EB3C /* Debug */ = {
			isa = XCBuildConfiguration;
			buildSettings = {
				ASSETCATALOG_COMPILER_APPICON_NAME = AppIcon;
				ASSETCATALOG_COMPILER_GLOBAL_ACCENT_COLOR_NAME = AccentColor;
				CODE_SIGN_STYLE = Automatic;
				CURRENT_PROJECT_VERSION = 1;
				DEVELOPMENT_TEAM = QUH29RTG32;
				GENERATE_INFOPLIST_FILE = YES;
				INFOPLIST_FILE = MyLocations/Info.plist;
				INFOPLIST_KEY_NSLocationWhenInUseUsageDescription = "This app lets you keep track of interesting places. It needs access to the GPS coordinates for your location.";
				INFOPLIST_KEY_UIApplicationSupportsIndirectInputEvents = YES;
				INFOPLIST_KEY_UILaunchStoryboardName = LaunchScreen;
				INFOPLIST_KEY_UIMainStoryboardFile = Main;
				INFOPLIST_KEY_UIRequiredDeviceCapabilities = "location-services";
				INFOPLIST_KEY_UISupportedInterfaceOrientations = UIInterfaceOrientationPortrait;
				INFOPLIST_KEY_UISupportedInterfaceOrientations_iPad = "UIInterfaceOrientationLandscapeLeft UIInterfaceOrientationLandscapeRight UIInterfaceOrientationPortrait UIInterfaceOrientationPortraitUpsideDown";
				LD_RUNPATH_SEARCH_PATHS = (
					"$(inherited)",
					"@executable_path/Frameworks",
				);
				MARKETING_VERSION = 1.0;
				PRODUCT_BUNDLE_IDENTIFIER = com.trios2024evdj.MyLocations;
				PRODUCT_NAME = "$(TARGET_NAME)";
				SWIFT_EMIT_LOC_STRINGS = YES;
				SWIFT_VERSION = 5.0;
				TARGETED_DEVICE_FAMILY = "1,2";
			};
			name = Debug;
		};
		805DE5582C3431DC0055EB3C /* Release */ = {
			isa = XCBuildConfiguration;
			buildSettings = {
				ASSETCATALOG_COMPILER_APPICON_NAME = AppIcon;
				ASSETCATALOG_COMPILER_GLOBAL_ACCENT_COLOR_NAME = AccentColor;
				CODE_SIGN_STYLE = Automatic;
				CURRENT_PROJECT_VERSION = 1;
				DEVELOPMENT_TEAM = QUH29RTG32;
				GENERATE_INFOPLIST_FILE = YES;
				INFOPLIST_FILE = MyLocations/Info.plist;
				INFOPLIST_KEY_NSLocationWhenInUseUsageDescription = "This app lets you keep track of interesting places. It needs access to the GPS coordinates for your location.";
				INFOPLIST_KEY_UIApplicationSupportsIndirectInputEvents = YES;
				INFOPLIST_KEY_UILaunchStoryboardName = LaunchScreen;
				INFOPLIST_KEY_UIMainStoryboardFile = Main;
				INFOPLIST_KEY_UIRequiredDeviceCapabilities = "location-services";
				INFOPLIST_KEY_UISupportedInterfaceOrientations = UIInterfaceOrientationPortrait;
				INFOPLIST_KEY_UISupportedInterfaceOrientations_iPad = "UIInterfaceOrientationLandscapeLeft UIInterfaceOrientationLandscapeRight UIInterfaceOrientationPortrait UIInterfaceOrientationPortraitUpsideDown";
				LD_RUNPATH_SEARCH_PATHS = (
					"$(inherited)",
					"@executable_path/Frameworks",
				);
				MARKETING_VERSION = 1.0;
				PRODUCT_BUNDLE_IDENTIFIER = com.trios2024evdj.MyLocations;
				PRODUCT_NAME = "$(TARGET_NAME)";
				SWIFT_EMIT_LOC_STRINGS = YES;
				SWIFT_VERSION = 5.0;
				TARGETED_DEVICE_FAMILY = "1,2";
			};
			name = Release;
		};
/* End XCBuildConfiguration section */

/* Begin XCConfigurationList section */
		805DE53A2C3431DB0055EB3C /* Build configuration list for PBXProject "MyLocations" */ = {
			isa = XCConfigurationList;
			buildConfigurations = (
				805DE5542C3431DC0055EB3C /* Debug */,
				805DE5552C3431DC0055EB3C /* Release */,
			);
			defaultConfigurationIsVisible = 0;
			defaultConfigurationName = Release;
		};
		805DE5562C3431DC0055EB3C /* Build configuration list for PBXNativeTarget "MyLocations" */ = {
			isa = XCConfigurationList;
			buildConfigurations = (
				805DE5572C3431DC0055EB3C /* Debug */,
				805DE5582C3431DC0055EB3C /* Release */,
			);
			defaultConfigurationIsVisible = 0;
			defaultConfigurationName = Release;
		};
/* End XCConfigurationList section */

/* Begin XCVersionGroup section */
		805DE54B2C3431DB0055EB3C /* MyLocations.xcdatamodeld */ = {
			isa = XCVersionGroup;
			children = (
				805DE54C2C3431DB0055EB3C /* MyLocations.xcdatamodel */,
			);
			currentVersion = 805DE54C2C3431DB0055EB3C /* MyLocations.xcdatamodel */;
			path = MyLocations.xcdatamodeld;
			sourceTree = "<group>";
			versionGroupType = wrapper.xcdatamodel;
		};
/* End XCVersionGroup section */
	};
	rootObject = 805DE5372C3431DB0055EB3C /* Project object */;
}
